
Microsoft Visual Studio Solution File, Format Version 12.00
Project("{FAE04EC0-301F-11D3-BF4B-00C04F79EFBC}") = "consoleApp-pratices", "consoleApp-pratices.csproj", "{58D3BD84-CB98-4C1C-84A3-4A0DCD6B7AEF}"
EndProject
Global
	GlobalSection(SolutionConfigurationPlatforms) = preSolution
		Debug|Any CPU = Debug|Any CPU
		Release|Any CPU = Release|Any CPU
	EndGlobalSection
	GlobalSection(ProjectConfigurationPlatforms) = postSolution
		{58D3BD84-CB98-4C1C-84A3-4A0DCD6B7AEF}.Debug|Any CPU.ActiveCfg = Debug|Any CPU
		{58D3BD84-CB98-4C1C-84A3-4A0DCD6B7AEF}.Debug|Any CPU.Build.0 = Debug|Any CPU
		{58D3BD84-CB98-4C1C-84A3-4A0DCD6B7AEF}.Release|Any CPU.ActiveCfg = Release|Any CPU
		{58D3BD84-CB98-4C1C-84A3-4A0DCD6B7AEF}.Release|Any CPU.Build.0 = Release|Any CPU
	EndGlobalSection
EndGlobal
